
Microsoft Visual Studio Solution File, Format Version 12.00
# Visual Studio Version 17
VisualStudioVersion = 17.8.34316.72
MinimumVisualStudioVersion = 10.0.40219.1
Project("{2150E333-8FDC-42A3-9474-1A3956D46DE8}") = "src", "src", "{95189023-F071-458B-B5A0-AE0E61A34AEC}"
EndProject
Project("{2150E333-8FDC-42A3-9474-1A3956D46DE8}") = "corePackages", "corePackages", "{528AC023-A1B7-47B0-ADE2-3CC417C4FAD3}"
EndProject
Project("{2150E333-8FDC-42A3-9474-1A3956D46DE8}") = "mainProjects", "mainProjects", "{998FA641-FAAC-461E-844B-6649E891DACC}"
EndProject
Project("{FAE04EC0-301F-11D3-BF4B-00C04F79EFBC}") = "Core.CrossCuttingConcerns", "src\corePackages\Core.CrossCuttingConcerns\Core.CrossCuttingConcerns.csproj", "{06DCAE9F-3648-405A-9942-BF6A281801F8}"
EndProject
Project("{FAE04EC0-301F-11D3-BF4B-00C04F79EFBC}") = "Core.Application", "src\corePackages\Core.Application\Core.Application.csproj", "{E4AFDC3A-FA4C-46E5-85D0-7D2AD89903F7}"
EndProject
Project("{FAE04EC0-301F-11D3-BF4B-00C04F79EFBC}") = "Core.Domain", "src\corePackages\Core.Domain\Core.Domain.csproj", "{8C933D28-8B5C-488E-9000-3A69C7E78B7F}"
EndProject
Project("{FAE04EC0-301F-11D3-BF4B-00C04F79EFBC}") = "Core.Persistence", "src\corePackages\Core.Persistence\Core.Persistence.csproj", "{E539AD08-CD14-4FEE-84EC-5A31A5E21D33}"
EndProject
Project("{FAE04EC0-301F-11D3-BF4B-00C04F79EFBC}") = "Domain", "src\mainProjects\Domain\Domain.csproj", "{E3AB0305-12D7-414D-A1D5-CA340DB4493B}"
EndProject
Project("{FAE04EC0-301F-11D3-BF4B-00C04F79EFBC}") = "Persistence", "src\mainProjects\Persistence\Persistence.csproj", "{115A79EE-DEE6-4CBA-A469-58EB010F3439}"
EndProject
Project("{FAE04EC0-301F-11D3-BF4B-00C04F79EFBC}") = "Infrastructure", "src\mainProjects\Infrastructure\Infrastructure.csproj", "{FA441C8F-7BBD-44BD-9741-570EAE4BDCD0}"
EndProject
Project("{FAE04EC0-301F-11D3-BF4B-00C04F79EFBC}") = "WebApp", "src\mainProjects\WebApp\WebApp.csproj", "{23AFB613-6C0F-46D0-A073-51EFD05EFE27}"
EndProject
Project("{FAE04EC0-301F-11D3-BF4B-00C04F79EFBC}") = "Application", "src\mainProjects\Application\Application.csproj", "{D06F24D4-6A67-4D6D-81CD-0709C72191FC}"
EndProject
Global
	GlobalSection(SolutionConfigurationPlatforms) = preSolution
		Debug|Any CPU = Debug|Any CPU
		Release|Any CPU = Release|Any CPU
	EndGlobalSection
	GlobalSection(ProjectConfigurationPlatforms) = postSolution
		{06DCAE9F-3648-405A-9942-BF6A281801F8}.Debug|Any CPU.ActiveCfg = Debug|Any CPU
		{06DCAE9F-3648-405A-9942-BF6A281801F8}.Debug|Any CPU.Build.0 = Debug|Any CPU
		{06DCAE9F-3648-405A-9942-BF6A281801F8}.Release|Any CPU.ActiveCfg = Release|Any CPU
		{06DCAE9F-3648-405A-9942-BF6A281801F8}.Release|Any CPU.Build.0 = Release|Any CPU
		{E4AFDC3A-FA4C-46E5-85D0-7D2AD89903F7}.Debug|Any CPU.ActiveCfg = Debug|Any CPU
		{E4AFDC3A-FA4C-46E5-85D0-7D2AD89903F7}.Debug|Any CPU.Build.0 = Debug|Any CPU
		{E4AFDC3A-FA4C-46E5-85D0-7D2AD89903F7}.Release|Any CPU.ActiveCfg = Release|Any CPU
		{E4AFDC3A-FA4C-46E5-85D0-7D2AD89903F7}.Release|Any CPU.Build.0 = Release|Any CPU
		{8C933D28-8B5C-488E-9000-3A69C7E78B7F}.Debug|Any CPU.ActiveCfg = Debug|Any CPU
		{8C933D28-8B5C-488E-9000-3A69C7E78B7F}.Debug|Any CPU.Build.0 = Debug|Any CPU
		{8C933D28-8B5C-488E-9000-3A69C7E78B7F}.Release|Any CPU.ActiveCfg = Release|Any CPU
		{8C933D28-8B5C-488E-9000-3A69C7E78B7F}.Release|Any CPU.Build.0 = Release|Any CPU
		{E539AD08-CD14-4FEE-84EC-5A31A5E21D33}.Debug|Any CPU.ActiveCfg = Debug|Any CPU
		{E539AD08-CD14-4FEE-84EC-5A31A5E21D33}.Debug|Any CPU.Build.0 = Debug|Any CPU
		{E539AD08-CD14-4FEE-84EC-5A31A5E21D33}.Release|Any CPU.ActiveCfg = Release|Any CPU
		{E539AD08-CD14-4FEE-84EC-5A31A5E21D33}.Release|Any CPU.Build.0 = Release|Any CPU
		{E3AB0305-12D7-414D-A1D5-CA340DB4493B}.Debug|Any CPU.ActiveCfg = Debug|Any CPU
		{E3AB0305-12D7-414D-A1D5-CA340DB4493B}.Debug|Any CPU.Build.0 = Debug|Any CPU
		{E3AB0305-12D7-414D-A1D5-CA340DB4493B}.Release|Any CPU.ActiveCfg = Release|Any CPU
		{E3AB0305-12D7-414D-A1D5-CA340DB4493B}.Release|Any CPU.Build.0 = Release|Any CPU
		{115A79EE-DEE6-4CBA-A469-58EB010F3439}.Debug|Any CPU.ActiveCfg = Debug|Any CPU
		{115A79EE-DEE6-4CBA-A469-58EB010F3439}.Debug|Any CPU.Build.0 = Debug|Any CPU
		{115A79EE-DEE6-4CBA-A469-58EB010F3439}.Release|Any CPU.ActiveCfg = Release|Any CPU
		{115A79EE-DEE6-4CBA-A469-58EB010F3439}.Release|Any CPU.Build.0 = Release|Any CPU
		{FA441C8F-7BBD-44BD-9741-570EAE4BDCD0}.Debug|Any CPU.ActiveCfg = Debug|Any CPU
		{FA441C8F-7BBD-44BD-9741-570EAE4BDCD0}.Debug|Any CPU.Build.0 = Debug|Any CPU
		{FA441C8F-7BBD-44BD-9741-570EAE4BDCD0}.Release|Any CPU.ActiveCfg = Release|Any CPU
		{FA441C8F-7BBD-44BD-9741-570EAE4BDCD0}.Release|Any CPU.Build.0 = Release|Any CPU
		{23AFB613-6C0F-46D0-A073-51EFD05EFE27}.Debug|Any CPU.ActiveCfg = Debug|Any CPU
		{23AFB613-6C0F-46D0-A073-51EFD05EFE27}.Debug|Any CPU.Build.0 = Debug|Any CPU
		{23AFB613-6C0F-46D0-A073-51EFD05EFE27}.Release|Any CPU.ActiveCfg = Release|Any CPU
		{23AFB613-6C0F-46D0-A073-51EFD05EFE27}.Release|Any CPU.Build.0 = Release|Any CPU
		{D06F24D4-6A67-4D6D-81CD-0709C72191FC}.Debug|Any CPU.ActiveCfg = Debug|Any CPU
		{D06F24D4-6A67-4D6D-81CD-0709C72191FC}.Debug|Any CPU.Build.0 = Debug|Any CPU
		{D06F24D4-6A67-4D6D-81CD-0709C72191FC}.Release|Any CPU.ActiveCfg = Release|Any CPU
		{D06F24D4-6A67-4D6D-81CD-0709C72191FC}.Release|Any CPU.Build.0 = Release|Any CPU
	EndGlobalSection
	GlobalSection(SolutionProperties) = preSolution
		HideSolutionNode = FALSE
	EndGlobalSection
	GlobalSection(NestedProjects) = preSolution
		{528AC023-A1B7-47B0-ADE2-3CC417C4FAD3} = {95189023-F071-458B-B5A0-AE0E61A34AEC}
		{998FA641-FAAC-461E-844B-6649E891DACC} = {95189023-F071-458B-B5A0-AE0E61A34AEC}
		{06DCAE9F-3648-405A-9942-BF6A281801F8} = {528AC023-A1B7-47B0-ADE2-3CC417C4FAD3}
		{E4AFDC3A-FA4C-46E5-85D0-7D2AD89903F7} = {528AC023-A1B7-47B0-ADE2-3CC417C4FAD3}
		{8C933D28-8B5C-488E-9000-3A69C7E78B7F} = {528AC023-A1B7-47B0-ADE2-3CC417C4FAD3}
		{E539AD08-CD14-4FEE-84EC-5A31A5E21D33} = {528AC023-A1B7-47B0-ADE2-3CC417C4FAD3}
		{E3AB0305-12D7-414D-A1D5-CA340DB4493B} = {998FA641-FAAC-461E-844B-6649E891DACC}
		{115A79EE-DEE6-4CBA-A469-58EB010F3439} = {998FA641-FAAC-461E-844B-6649E891DACC}
		{FA441C8F-7BBD-44BD-9741-570EAE4BDCD0} = {998FA641-FAAC-461E-844B-6649E891DACC}
		{23AFB613-6C0F-46D0-A073-51EFD05EFE27} = {998FA641-FAAC-461E-844B-6649E891DACC}
		{D06F24D4-6A67-4D6D-81CD-0709C72191FC} = {998FA641-FAAC-461E-844B-6649E891DACC}
	EndGlobalSection
	GlobalSection(ExtensibilityGlobals) = postSolution
		SolutionGuid = {7FD80467-8595-444C-9CFC-33C5CDAAE679}
	EndGlobalSection
EndGlobal
